{
    "_meta": {
        "hash": {
            "sha256": "7451921031709d6a1685776d857dda61c43ed4cec1bd6e931b970f52ed0a410f"
        },
        "pipfile-spec": 6,
        "requires": {
            "python_version": "3.6"
        },
        "sources": [
            {
                "url": "https://pypi.python.org/simple",
                "verify_ssl": true
            }
        ]
    },
    "default": {
        "altair": {
            "hashes": [
                "sha256:c1303f77f1ba4d632f2958c83c0f457b2b969860b1ac9adfb872aefa1780baa7"
            ],
            "version": "==1.2.1"
        },
        "appdirs": {
            "hashes": [
                "sha256:9e5896d1372858f8dd3344faf4e5014d21849c756c8d5701f78f8a103b372d92",
                "sha256:d8b24664561d0d34ddfaec54636d502d7cea6e29c3eaf68f3df6180863e2166e"
            ],
            "version": "==1.4.3"
        },
        "attrs": {
            "hashes": [
                "sha256:1c7960ccfd6a005cd9f7ba884e6316b5e430a3f1a6c37c5f87d8b43f83b54ec9",
                "sha256:a17a9573a6f475c99b551c0e0a812707ddda1ec9653bed04c13841404ed6f450"
            ],
            "version": "==17.4.0"
        },
        "backcall": {
            "hashes": [
                "sha256:38ecd85be2c1e78f77fd91700c76e14667dc21e2713b63876c0eb901196e01e4",
                "sha256:bbbf4b1e5cd2bdb08f915895b51081c041bac22394fdfcfdfbe9f14b77c08bf2"
            ],
            "version": "==0.1.0"
        },
        "bleach": {
            "hashes": [
                "sha256:b8fa79e91f96c2c2cd9fd1f9eda906efb1b88b483048978ba62fef680e962b34",
                "sha256:eb7386f632349d10d9ce9d4a838b134d4731571851149f9cc2c05a9a837a9a44"
            ],
            "version": "==2.1.3"
        },
        "cellbell": {
            "hashes": [
                "sha256:2c1cdbaa9ac7334f70a4038640440d5d10b473a94e1f3bbfb4e6cdcd59512709",
                "sha256:f11443519c0aef4642ee47d28e4b90341275a37fb362038946e2d960eaefa4e1"
            ],
            "version": "==0.0.3"
        },
        "certifi": {
            "hashes": [
                "sha256:14131608ad2fd56836d33a71ee60fa1c82bc9d2c8d98b7bdbc631fe1b3cd1296",
                "sha256:edbc3f203427eef571f79a7692bb160a2b0f7ccaa31953e99bd17e307cf63f7d"
            ],
            "version": "==2018.1.18"
        },
        "chardet": {
            "hashes": [
                "sha256:84ab92ed1c4d4f16916e05906b6b75a6c0fb5db821cc65e70cbd64a3e2a5eaae",
                "sha256:fc323ffcaeaed0e0a02bf4d117757b98aed530d9ed4531e3e15460124c106691"
            ],
            "version": "==3.0.4"
        },
        "configargparse": {
            "hashes": [
                "sha256:e6441aa58e23d3d122055808e5e2220fd742dff6e1e51082d2a4e4ed145dd788"
            ],
            "version": "==0.13.0"
        },
        "cycler": {
            "hashes": [
                "sha256:1d8a5ae1ff6c5cf9b93e8811e581232ad8920aeec647c37316ceac982b08cb2d",
                "sha256:cd7b2d1018258d7247a71425e9f26463dfb444d411c39569972f4ce586b0c9d8"
            ],
            "version": "==0.10.0"
        },
        "datrie": {
            "hashes": [
                "sha256:03c5a8516fc878aeed313c3d3ab71a3c254140fe7d43721809f5b260ed4a7cae",
                "sha256:0f5ff34c21c1d04b19d2fb1f07a1eff8790f29887ed19e5ddd3ebcf3c4727c12",
                "sha256:21a07b4754284cba3f45f3fd618a5d7d2b52d9609258a32177be553d900eb482",
                "sha256:740f510869536fe05b35ca5ae82a107a77ebb298a9829650d4c776d418737454",
                "sha256:7a11371cc2dbbad71d6dfef57ced6e8b384bb377eeb847c63d58f8dc8e8b2023",
                "sha256:7edf889caf0afa625a797c5e19aea3290f202493838119e7ce0015801c8ad38a",
                "sha256:7f2caf5a4f96af984d01b75b625bb6239eef0cab7e0ae99b6b9461bb97b25730",
                "sha256:81d8059fdeb548f1c3e5c3d68f7768be124730d65ca68a6bb49b17a2d8d72375",
                "sha256:84dd2f2f390ff477f341feb6e71fad5bb5782b03df350135fde8698f9acecf89",
                "sha256:caf32926bf822cd0213c0b7f2d20179f638eb8845e3b97ad15c4df35d5b3b504",
                "sha256:ec3405496cc859b573b3c1c082229a7559fdab54a6a3d5a457e49a6e39df0e3e"
            ],
            "version": "==0.7.1"
        },
        "decorator": {
            "hashes": [
                "sha256:7d46dd9f3ea1cf5f06ee0e4e1277ae618cf48dfb10ada7c8427cd46c42702a0e",
                "sha256:94d1d8905f5010d74bbbd86c30471255661a14187c45f8d7f3e5aa8540fdb2e5"
            ],
            "version": "==4.2.1"
        },
        "entrypoints": {
            "hashes": [
                "sha256:10ad569bb245e7e2ba425285b9fa3e8178a0dc92fc53b1e1c553805e15a8825b",
                "sha256:d2d587dde06f99545fb13a383d2cd336a8ff1f359c5839ce3a64c917d10c029f"
            ],
            "version": "==0.2.3"
        },
        "future": {
            "hashes": [
                "sha256:e39ced1ab767b5936646cedba8bcce582398233d6a627067d4c6a454c90cfedb"
            ],
            "version": "==0.16.0"
        },
        "html5lib": {
            "hashes": [
                "sha256:20b159aa3badc9d5ee8f5c647e5efd02ed2a66ab8d354930bd9ff139fc1dc0a3",
                "sha256:66cb0dcfdbbc4f9c3ba1a63fdb511ffdbd4f513b2b6d81b80cd26ce6b3fb3736"
            ],
            "version": "==1.0.1"
        },
        "hyperopt": {
            "hashes": [
                "sha256:4f6e903f7640165ea3e4c622050b41ffab0bee7811ede23c7825a5884976d72f"
            ],
            "version": "==0.1"
        },
        "idna": {
            "hashes": [
                "sha256:2c6a5de3089009e3da7c5dde64a141dbc8551d5b7f6cf4ed7c2568d0cc520a8f",
                "sha256:8c7309c718f94b3a625cb648ace320157ad16ff131ae0af362c9f21b80ef6ec4"
            ],
            "version": "==2.6"
        },
        "ipykernel": {
            "hashes": [
                "sha256:395f020610e33ffa0b0c9c0cd1a1d927d51ab9aa9f30a7ae36bb0c908a33e89c",
                "sha256:935941dba29d856eee34b8b5261d971bd5012547239ed73ddfff099143748c37",
                "sha256:c091449dd0fad7710ddd9c4a06e8b9e15277da306590bc07a3a1afa6b4453c8f"
            ],
            "version": "==4.8.2"
        },
        "ipython": {
            "hashes": [
                "sha256:938da96f2f5f50d82add1947958b7432e9f330cef7703210bffd1a783d7720ab",
                "sha256:c785ab502b1a63624baeb89fedb873a118d4da6c9a796ae06e4f4aaef74e9ea0"
            ],
            "markers": "python_version >= '3.3'",
            "version": "==6.3.0"
        },
        "ipython-genutils": {
            "hashes": [
                "sha256:72dd37233799e619666c9f639a9da83c34013a73e8bbc79a7a6348d93c61fab8",
                "sha256:eb2e116e75ecef9d4d228fdc66af54269afa26ab4463042e33785b887c628ba8"
            ],
            "version": "==0.2.0"
        },
        "ipywidgets": {
            "hashes": [
                "sha256:8c62c2bf688dbc1dad0bdda4de22b6b28ad294f34264c6ea3e08054be8247a55",
                "sha256:f23aac2447f593dbdc89a86833a2d59666ed44af42b23c267de380c324599507"
            ],
            "version": "==7.2.0"
        },
        "jedi": {
            "hashes": [
                "sha256:d6e799d04d1ade9459ed0f20de47c32f2285438956a677d083d3c98def59fa97",
                "sha256:d795f2c2e659f5ea39a839e5230d70a0b045d0daee7ca2403568d8f348d0ad89"
            ],
            "version": "==0.11.1"
        },
        "jinja2": {
            "hashes": [
                "sha256:74c935a1b8bb9a3947c50a54766a969d4846290e1e788ea44c1392163723c3bd",
                "sha256:f84be1bb0040caca4cea721fcbbbbd61f9be9464ca236387158b0feea01914a4"
            ],
            "version": "==2.10"
        },
        "jrun": {
            "hashes": [
                "sha256:88a195ea59c052971bc4291bd5c5c230456775f081a5973892519f47a97b68ce"
            ],
            "version": "==0.1.1"
        },
        "jsonschema": {
            "hashes": [
                "sha256:000e68abd33c972a5248544925a0cae7d1125f9bf6c58280d37546b946769a08",
                "sha256:6ff5f3180870836cae40f06fa10419f557208175f13ad7bc26caa77beb1f6e02"
            ],
            "version": "==2.6.0"
        },
        "jupyter": {
            "hashes": [
                "sha256:3e1f86076bbb7c8c207829390305a2b1fe836d471ed54be66a3b8c41e7f46cc7",
                "sha256:5b290f93b98ffbc21c0c7e749f054b3267782166d72fa5e3ed1ed4eaf34a2b78",
                "sha256:d9dc4b3318f310e34c82951ea5d6683f67bed7def4b259fafbfe4f1beb1d8e5f"
            ],
            "version": "==1.0.0"
        },
        "jupyter-client": {
            "hashes": [
                "sha256:27befcf0446b01e29853014d6a902dd101ad7d7f94e2252b1adca17c3466b761",
                "sha256:59e6d791e22a8002ad0e80b78c6fd6deecab4f9e1b1aa1a22f4213de271b29ea"
            ],
            "version": "==5.2.3"
        },
        "jupyter-console": {
            "hashes": [
                "sha256:3f928b817fc82cda95e431eb4c2b5eb21be5c483c2b43f424761a966bb808094",
                "sha256:545dedd3aaaa355148093c5609f0229aeb121b4852995c2accfa64fe3e0e55cd"
            ],
            "version": "==5.2.0"
        },
        "jupyter-core": {
            "hashes": [
                "sha256:927d713ffa616ea11972534411544589976b2493fc7e09ad946e010aa7eb9970",
                "sha256:ba70754aa680300306c699790128f6fbd8c306ee5927976cbe48adacf240c0b7"
            ],
            "version": "==4.4.0"
        },
        "keras": {
            "hashes": [
                "sha256:55e4598f6ff2a374a8abd8e7a4c65be95ac5d3a6ee81b08d7d2549f8c3e1d8d5",
                "sha256:907ad29add1fff27342a9f4fe3e60003d450d3af41a38f22f629c7736fc8399d"
            ],
            "version": "==2.1.5"
        },
        "keras-tqdm": {
            "hashes": [
                "sha256:3f5b093d49852fc4c9bfeffdc17c8f3eb98b1e530dbd8cc407cf37d197a1dc3b",
                "sha256:d5deb3bd201a66285fb796f240e6fb52ecb76fe6253bb72d6bb832abebe59f47"
            ],
            "version": "==2.0.1"
        },
        "kiwisolver": {
            "hashes": [
                "sha256:0ee4ed8b3ae8f5f712b0aa9ebd2858b5b232f1b9a96b0943dceb34df2a223bc3",
                "sha256:0f7f532f3c94e99545a29f4c3f05637f4d2713e7fd91b4dd8abfc18340b86cd5",
                "sha256:1a078f5dd7e99317098f0e0d490257fd0349d79363e8c923d5bb76428f318421",
                "sha256:1aa0b55a0eb1bd3fa82e704f44fb8f16e26702af1a073cc5030eea399e617b56",
                "sha256:2874060b91e131ceeff00574b7c2140749c9355817a4ed498e82a4ffa308ecbc",
                "sha256:379d97783ba8d2934d52221c833407f20ca287b36d949b4bba6c75274bcf6363",
                "sha256:3b791ddf2aefc56382aadc26ea5b352e86a2921e4e85c31c1f770f527eb06ce4",
                "sha256:4329008a167fac233e398e8a600d1b91539dc33c5a3eadee84c0d4b04d4494fa",
                "sha256:45813e0873bbb679334a161b28cb9606d9665e70561fd6caa8863e279b5e464b",
                "sha256:53a5b27e6b5717bdc0125338a822605084054c80f382051fb945d2c0e6899a20",
                "sha256:66f82819ff47fa67a11540da96966fb9245504b7f496034f534b81cacf333861",
                "sha256:79e5fe3ccd5144ae80777e12973027bd2f4f5e3ae8eb286cabe787bed9780138",
                "sha256:8b6a7b596ce1d2a6d93c3562f1178ebd3b7bb445b3b0dd33b09f9255e312a965",
                "sha256:9576cb63897fbfa69df60f994082c3f4b8e6adb49cccb60efb2a80a208e6f996",
                "sha256:95a25d9f3449046ecbe9065be8f8380c03c56081bc5d41fe0fb964aaa30b2195",
                "sha256:aaec1cfd94f4f3e9a25e144d5b0ed1eb8a9596ec36d7318a504d813412563a85",
                "sha256:acb673eecbae089ea3be3dcf75bfe45fc8d4dcdc951e27d8691887963cf421c7",
                "sha256:b15bc8d2c2848a4a7c04f76c9b3dc3561e95d4dabc6b4f24bfabe5fd81a0b14f",
                "sha256:b1c240d565e977d80c0083404c01e4d59c5772c977fae2c483f100567f50847b",
                "sha256:ce3be5d520b4d2c3e5eeb4cd2ef62b9b9ab8ac6b6fedbaa0e39cdb6f50644278",
                "sha256:e0f910f84b35c36a3513b96d816e6442ae138862257ae18a0019d2fc67b041dc",
                "sha256:ea36e19ac0a483eea239320aef0bd40702404ff8c7e42179a2d9d36c5afcb55c",
                "sha256:f923406e6b32c86309261b8195e24e18b6a8801df0cfc7814ac44017bfcb3939"
            ],
            "version": "==1.0.1"
        },
        "markupsafe": {
            "hashes": [
                "sha256:a6be69091dac236ea9c6bc7d012beab42010fa914c459791d627dad4910eb665"
            ],
            "version": "==1.0"
        },
        "matplotlib": {
            "hashes": [
                "sha256:07055eb872fa109bd88f599bdb52065704b2e22d475b67675f345d75d32038a0",
                "sha256:0f2f253d6d51f5ed52a819921f8a0a8e054ce0daefcfbc2557e1c433f14dc77d",
                "sha256:1ef9fd285334bd6b0495b6de9d56a39dc95081577f27bafabcf28e0d318bed31",
                "sha256:3fb2db66ef98246bafc04b4ef4e9b0e73c6369f38a29716844e939d197df816a",
                "sha256:3fd90b407d1ab0dae686a4200030ce305526ff20b85a443dc490d194114b2dfa",
                "sha256:45dac8589ef1721d7f2ab0f48f986694494dfcc5d13a3e43a5cb6c816276094e",
                "sha256:4bb10087e09629ba3f9b25b6c734fd3f99542f93d71c5b9c023f28cb377b43a9",
                "sha256:4dc7ef528aad21f22be85e95725234c5178c0f938e2228ca76640e5e84d8cde8",
                "sha256:4f6a516d5ef39128bb16af7457e73dde25c30625c4916d8fbd1cc7c14c55e691",
                "sha256:70f0e407fbe9e97f16597223269c849597047421af5eb8b60dbaca0382037e78",
                "sha256:7b3d03c876684618e2a2be6abeb8d3a033c3a1bb38a786f751199753ef6227e6",
                "sha256:8944d311ce37bee1ba0e41a9b58dcf330ffe0cf29d7654c3d07c572215da68ac",
                "sha256:8ff08eaa25c66383fe3b6c7eb288da3c22dcedc4b110a0b592b35f68d0e093b2",
                "sha256:9d12378d6a236aa38326e27f3a29427b63edce4ce325745785aec1a7535b1f85",
                "sha256:abfd3d9390eb4f2d82cbcaa3a5c2834c581329b64eccb7a071ed9d5df27424f7",
                "sha256:bc4d7481f0e8ec94cb1afc4a59905d6274b3b4c389aba7a2539e071766671735",
                "sha256:dc0ba2080fd0cfdd07b3458ee4324d35806733feb2b080838d7094731d3f73d9",
                "sha256:f26fba7fc68994ab2805d77e0695417f9377a00d36ba4248b5d0f1e5adb08d24"
            ],
            "version": "==2.2.2"
        },
        "mistune": {
            "hashes": [
                "sha256:b4c512ce2fc99e5a62eb95a4aba4b73e5f90264115c40b70a21e1f7d4e0eac91",
                "sha256:bc10c33bfdcaa4e749b779f62f60d6e12f8215c46a292d05e486b869ae306619"
            ],
            "version": "==0.8.3"
        },
        "more-itertools": {
            "hashes": [
                "sha256:0dd8f72eeab0d2c3bd489025bb2f6a1b8342f9b198f6fc37b52d15cfa4531fea",
                "sha256:11a625025954c20145b37ff6309cd54e39ca94f72f6bb9576d1195db6fa2442e",
                "sha256:c9ce7eccdcb901a2c75d326ea134e0886abfbea5f93e91cc95de9507c0816c44"
            ],
            "version": "==4.1.0"
        },
        "nbconvert": {
            "hashes": [
                "sha256:12b1a4671d4463ab73af6e4cbcc965b62254e05d182cd54995dda0d0ef9e2db9",
                "sha256:260d390b989a647575b8ecae2cd06a9eaead10d396733d6e50185d5ebd08996e"
            ],
            "version": "==5.3.1"
        },
        "nbformat": {
            "hashes": [
                "sha256:b9a0dbdbd45bb034f4f8893cafd6f652ea08c8c1674ba83f2dc55d3955743b0b",
                "sha256:f7494ef0df60766b7cabe0a3651556345a963b74dbc16bc7c18479041170d402"
            ],
            "version": "==4.4.0"
        },
        "networkx": {
            "hashes": [
                "sha256:64272ca418972b70a196cb15d9c85a5a6041f09a2f32e0d30c0255f25d458bb1"
            ],
            "version": "==2.1"
        },
        "nose": {
            "hashes": [
                "sha256:9ff7c6cc443f8c51994b34a667bbcf45afd6d945be7477b52e97516fd17c53ac",
                "sha256:dadcddc0aefbf99eea214e0f1232b94f2fa9bd98fa8353711dacb112bfcbbb2a",
                "sha256:f1bffef9cbc82628f6e7d7b40d7e255aefaa1adb6a1b1d26c69a8b79e6208a98"
            ],
            "version": "==1.3.7"
        },
        "notebook": {
            "hashes": [
                "sha256:7d6143d10e9b026df888e0b2936ceff1827ef2f2087646b4dd475c8dcef58606",
                "sha256:b4e6a73becdf43fd303e1cf98d631c972ee139c077a448dc370684a6c568eacd"
            ],
            "version": "==5.4.1"
        },
        "numexpr": {
            "hashes": [
                "sha256:0cd95fef6cb8c0e716c6e2081ce4da0350d361195c0eac6c5b0f1f2d6e15d1e2",
                "sha256:1c24ffb5837f5e4d8cbd30bcaa55ba10f39a9174fddeeff80b92567c1c44d037",
                "sha256:21512b764bbfb80c6579f63cde8470e2986cf45741d7cbd84ddf0c43a6662289",
                "sha256:2439b399f813b806129a5ee330aa4a354f4f93827f90ee34c75544dc637e750e",
                "sha256:3085f83f24707ea86d5ed141b44fd3646e1ebc91b994dd97df18f904a774c3fe",
                "sha256:35e99a2c07dea4cbe221ac230351d6dad6a401f4825056f136ea0cfda109faf1",
                "sha256:3ad5369a90ab3bb6110a5af55857bb26bd62c99e0a7d2dd7a738f55a79de6c98",
                "sha256:422354710d7c7f81f0d8cbac8f2d41c6e3fd4f74a6e5b3cbbb7c639b4cbfce53",
                "sha256:4431dc92a9c674678ce151735d96454ab2506651696d3eaf9ce26560822e60e8",
                "sha256:5c5c78eb8f034770cbb36823ea82a24e073eb2a3b644c82bf5396686a888d155",
                "sha256:5cfa58eb834d541a9cce65f20f61df77294b9ef7339dd86f0765662d912765be",
                "sha256:6e269478879181e9ad3e7769c6e122d9f5c7e835994713a1df4979fce0bf8260",
                "sha256:7a6a92c25b2a16417134c17912c29339b5bcee0ac47b06454827489a6b744b8b",
                "sha256:80e1bf9b0f979f0f2598811f35f2e33f0c9ea84da611c604c2b66a14622138ff",
                "sha256:879f1fc624b00fd62642821d599973abc0d5eeaae428fc3719734216ad909030",
                "sha256:88bae26db9c8ba4feee40605dd44ab0474413e5a4562cc95dfa068a7b25c61df",
                "sha256:89d8192f2b838eec1f7e74fcd401610c98ecbb598d67f3f0d5ddda7c364d9fbf",
                "sha256:a48c48e7f9c97eb4620472338612ef3139a04f97966b44bfde85fec78bfa7791",
                "sha256:b2cd9c914caf55cb28bd11912ef7f3842506e37cf4ea1d995b7d00638d6de020",
                "sha256:bb5ee81885b678a866c59204bab97e84ca8f9487c04289492e6ce428c7b573e5",
                "sha256:c8c9b450a8004961a062e64a3beb8dec1e96246f67a1215465b3a38ae561e628",
                "sha256:f0bef9a3a5407fb8d6344cf91b658bef7c13ec8a8eb13f423822d9d2ca5af6ce",
                "sha256:f63c422f52ed8b322ee02b4a3b86e46f41ce5893c04c96e3a24d7c681f80f98c"
            ],
            "version": "==2.6.4"
        },
        "numpy": {
            "hashes": [
                "sha256:0739146eaf4985962f07c62f7133aca89f3a600faac891ce6c7f3a1e2afe5272",
                "sha256:07e21f14490324cc1160db101e9b6c1233c33985af4cb1d301dd02650fea1d7f",
                "sha256:0f6a5ed0cd7ab1da11f5c07a8ecada73fc55a70ef7bb6311a4109891341d7277",
                "sha256:0fd65cbbfdbf76bbf80c445d923b3accefea0fe2c2082049e0ce947c81fe1d3f",
                "sha256:20cac3123d791e4bf8482a580d98d6b5969ba348b9d5364df791ba3a666b660d",
                "sha256:528ce59ded2008f9e8543e0146acb3a98a9890da00adf8904b1e18c82099418b",
                "sha256:56e392b7c738bd70e6f46cf48c8194d3d1dd4c5a59fae4b30c58bb6ef86e5233",
                "sha256:675e0f23967ce71067d12b6944add505d5f0a251f819cfb44bdf8ee7072c090d",
                "sha256:6be6b0ca705321c178c9858e5ad5611af664bbdfae1df1541f938a840a103888",
                "sha256:719d914f564f35cce4dc103808f8297c807c9f0297ac183ed81ae8b5650e698e",
                "sha256:768e777cc1ffdbf97c507f65975c8686ebafe0f3dc8925d02ac117acc4669ce9",
                "sha256:7f76d406c6b998d6410198dcb82688dcdaec7d846aa87e263ccf52efdcfeba30",
                "sha256:8c18ee4dddd5c6a811930c0a7c7947bf16387da3b394725f6063f1366311187d",
                "sha256:99051e03b445117b26028623f1a487112ddf61a09a27e2d25e6bc07d37d94f25",
                "sha256:a1413d06abfa942ca0553bf3bccaff5fdb36d55b84f2248e36228db871147dab",
                "sha256:a7157c9ac6bddd2908c35ef099e4b643bc0e0ebb4d653deb54891d29258dd329",
                "sha256:a958bf9d4834c72dee4f91a0476e7837b8a2966dc6fcfc42c421405f98d0da51",
                "sha256:bb370120de6d26004358611441e07acda26840e41dfedc259d7f8cc613f96495",
                "sha256:d0928076d9bd8a98de44e79b1abe50c1456e7abbb40af7ef58092086f1a6c729",
                "sha256:d858423f5ed444d494b15c4cc90a206e1b8c31354c781ac7584da0d21c09c1c3",
                "sha256:e6120d63b50e2248219f53302af7ec6fa2a42ed1f37e9cda2c76dbaca65036a7",
                "sha256:f2b1378b63bdb581d5d7af2ec0373c8d40d651941d283a2afd7fc71184b3f570",
                "sha256:facc6f925c3099ac01a1f03758100772560a0b020fb9d70f210404be08006bcb"
            ],
            "version": "==1.14.2"
        },
        "pandas": {
            "hashes": [
                "sha256:02541a4fdd31315f213a5c8e18708abad719ee03eda05f603c4fe973e9b9d770",
                "sha256:052a66f58783a59ea38fdfee25de083b107baa81fdbe38fabd169d0f9efce2bf",
                "sha256:06efae5c00b9f4c6e6d3fe1eb52e590ff0ea8e5cb58032c724e04d31c540de53",
                "sha256:12f2a19d0b0adf31170d98d0e8bcbc59add0965a9b0c65d39e0665400491c0c5",
                "sha256:244ae0b9e998cfa88452a49b20e29bf582cc7c0e69093876d505aec4f8e1c7fe",
                "sha256:2907f3fe91ca2119ac3c38de6891bbbc83333bfe0d98309768fee28de563ee7a",
                "sha256:44a94091dd71f05922eec661638ec1a35f26d573c119aa2fad964f10a2880e6c",
                "sha256:587a9816cc663c958fcff7907c553b73fe196604f990bc98e1b71ebf07e45b44",
                "sha256:66403162c8b45325a995493bdd78ad4d8be085e527d721dbfa773d56fbba9c88",
                "sha256:68ac484e857dcbbd07ea7c6f516cc67f7f143f5313d9bc661470e7f473528882",
                "sha256:68b121d13177f5128a4c118bb4f73ba40df28292c038389961aa55ea5a996427",
                "sha256:97c8223d42d43d86ca359a57b4702ca0529c6553e83d736e93a5699951f0f8db",
                "sha256:af0dbac881f6f87acd325415adea0ce8cccf28f5d4ad7a54b6a1e176e2f7bf70",
                "sha256:c2cd884794924687edbaad40d18ac984054d247bb877890932c4d41e3c3aba31",
                "sha256:c372db80a5bcb143c9cb254d50f902772c3b093a4f965275197ec2d2184b1e61"
            ],
            "version": "==0.22.0"
        },
        "pandocfilters": {
            "hashes": [
                "sha256:b3dd70e169bb5449e6bc6ff96aea89c5eea8c5f6ab5e207fc2f521a2cf4a0da9"
            ],
            "version": "==1.4.2"
        },
        "parso": {
            "hashes": [
                "sha256:5815f3fe254e5665f3c5d6f54f086c2502035cb631a91341591b5a564203cffb",
                "sha256:a7bb86fe0844304869d1c08e8bd0e52be931228483025c422917411ab82d628a"
            ],
            "version": "==0.1.1"
        },
        "pexpect": {
            "hashes": [
                "sha256:67b85a1565968e3d5b5e7c9283caddc90c3947a2625bed1905be27bd5a03e47d",
                "sha256:6ff881b07aff0cb8ec02055670443f784434395f90c3285d2ae470f921ade52a"
            ],
            "markers": "sys_platform != 'win32'",
            "version": "==4.4.0"
        },
        "pickleshare": {
            "hashes": [
                "sha256:84a9257227dfdd6fe1b4be1319096c20eb85ff1e82c7932f36efccfe1b09737b",
                "sha256:c9a2541f25aeabc070f12f452e1f2a8eae2abd51e1cd19e8430402bdf4c1d8b5"
            ],
            "version": "==0.7.4"
        },
        "pluggy": {
            "hashes": [
                "sha256:7f8ae7f5bdf75671a718d2daf0a64b7885f74510bcd98b1a0bb420eb9a9d0cff"
            ],
            "version": "==0.6.0"
        },
        "prompt-toolkit": {
            "hashes": [
                "sha256:1df952620eccb399c53ebb359cc7d9a8d3a9538cb34c5a1344bdbeb29fbcc381",
                "sha256:3f473ae040ddaa52b52f97f6b4a493cfa9f5920c255a12dc56a7d34397a398a4",
                "sha256:858588f1983ca497f1cf4ffde01d978a3ea02b01c8a26a8bbc5cd2e66d816917"
            ],
            "version": "==1.0.15"
        },
        "ptyprocess": {
            "hashes": [
                "sha256:e64193f0047ad603b71f202332ab5527c5e52aa7c8b609704fc28c0dc20c4365",
                "sha256:e8c43b5eee76b2083a9badde89fd1bbce6c8942d1045146e100b7b5e014f4f1a"
            ],
            "version": "==0.5.2"
        },
        "py": {
            "hashes": [
                "sha256:29c9fab495d7528e80ba1e343b958684f4ace687327e6f789a94bf3d1915f881",
                "sha256:983f77f3331356039fdd792e9220b7b8ee1aa6bd2b25f567a963ff1de5a64f6a"
            ],
            "version": "==1.5.3"
        },
        "pydot-ng": {
            "hashes": [
                "sha256:6096efa4714c91f24500cf01a1fdb9faa07b88a5c738d14931624bc906dd06a4",
                "sha256:c420ecd08ec34c76bec98fbc1956d58a8f0bbd7b4e1d2dc90664d9fd29471341"
            ],
            "version": "==1.0.0"
        },
        "pyglet": {
            "hashes": [
                "sha256:0a73280fa3949ea4890fee28f625c10b1e10a7cda390a08b6bce4740948167cd",
                "sha256:3301c0691ca88660fc68ff9d49067b34d5f4e0fdd846cc6ac5684bd63da7295f"
            ],
            "version": "==1.3.1"
        },
        "pygments": {
            "hashes": [
                "sha256:78f3f434bcc5d6ee09020f92ba487f95ba50f1e3ef83ae96b9d5ffa1bab25c5d",
                "sha256:dbae1046def0efb574852fab9e90209b23f556367b5a320c0bcb871c77c3e8cc"
            ],
            "version": "==2.2.0"
        },
        "pymmwr": {
            "hashes": [
                "sha256:668f85deed23451600ffb61553d60647d56447d6c122a211e8a81abf284031e8"
            ],
            "version": "==0.1.0"
        },
        "pymongo": {
            "hashes": [
                "sha256:051770590ddbd5fb7db17d3315d4c1b0f18039d830dd18e1bae39451c30d31cd",
                "sha256:061085dfe4fbf1d9d6ed2f2e52fe6ab72559e48b4294370b433751638160d10b",
                "sha256:07fdee1c5567f237796a8550233e04853785d8dcf95929f96ab519ed91543109",
                "sha256:0d98731aaea8cb32b535c376f6785927e4e3d9459ffe1440b8a639827a849350",
                "sha256:10f683950f70626ccedf4a662d1c0b3244e8e013c2067872af5633830abd1bfd",
                "sha256:192ee5e33821931f4ec6df5fff4361220c0c92bb5b7437c6db52e20a0c9b4d98",
                "sha256:2954b99cfeb76776879e9f8a4cae9c5e19d5eff92d0b7b663ceddcf192adb66b",
                "sha256:36a992e02fced328de5304145dc3729a8cea12e58ad34b842a6f46d7941c9fc7",
                "sha256:419ed5d5b76ef304815f354d9df7f2085acfd6ff7cc1b714ca702e2239b341c2",
                "sha256:42ec201fd9a26e7c1e611e3db19324dead51dd4646391492eb238b41749340e8",
                "sha256:4400fa92af310bf66b76c313c7ded3bb63f3d63b4f43c3bfbff552cf294dc9fa",
                "sha256:44abdc26989600bb03b62d57616ec7c1b9182290720167c39e38c3a2b0d44e44",
                "sha256:45fb9f589c0f35436dbe391c53a387ffffa8d086b8521a86fca4f3e1d0edbf71",
                "sha256:4807dfbb5cdcfe0224329992dc48b897c780d0ad7553c3799d34f84ba5cab446",
                "sha256:54daf67e1e7e7e5a5160c86123bdd39b1d3b25876c2ab38230dc2a764cb3d98f",
                "sha256:5f2814a9492a724fd77c90ffc01f810276ef9972ae02587bfaae40835f9b8407",
                "sha256:5fd6ce5ed3c6c92d2c94756e6bf041304e5c7c5a5dbea31b8957d52a78bdf01d",
                "sha256:601e00fe7fb283f04c95f5dafb787c0862f48ca015a6f1f81b460c74e4303873",
                "sha256:63a47a97b5cb4c67c86552b15e08df12ff026a648211120adf5ebe00453e85e9",
                "sha256:6c4459d5c2b45ba55e14360e03078426015c1b0881facaec51bd9bd9e2304cec",
                "sha256:7fbd9233e8b6741b047c5857e2ad5efb74091f167d7fa8a2a3379217165058f9",
                "sha256:7ffac35362c07c103b024b89875e8d7f0625129b65c56fa8a3ecebbd56110405",
                "sha256:833bc6cb2ec7058dea9f5840a9314ac74738d2117486a044e88f3976e37ea7a0",
                "sha256:92cb26a2a9b38e8df5215803f950b20a6c847d5e00d1dd125eaa84f05f9472d7",
                "sha256:97d6a218c4ad4f8fdde0143776d5224e884cbcfe631e7446379fa1790d8cf04f",
                "sha256:9e5f0e8967d95a256038817460844a8aab588b9bc9ba6296507a1863960a0e44",
                "sha256:9e6db7ff63fb836d56e62216e10e868c23a99f3cb02875411eb2cb787acf58c7",
                "sha256:a0a695eef38c15570f6da3b4900e1a1d85fa92c754177d5f05267b49da79c92b",
                "sha256:aa46076524471729430afacca3dd8ad4578878eca6fc9e2b593a0b381b5bbeb7",
                "sha256:abf83b908e535b1386a7732825994e6e36eff6394c1829f3e7a23888136484fa",
                "sha256:adb2dba52c8a2a2d7bcd3b267f7bbf7c822850cf6a7cd15211b9f386c3a670ef",
                "sha256:ae7b3479822a03f6f651913de84ba67101f23e051ae88034085e974f472dcfff",
                "sha256:c596af57286ef28cae7a48e3070d222f96f5f0eab76ad39d680ae6b9bbc957c7",
                "sha256:cc15b30f0ac518e6cbd4b6e6e6162f8aa14edfe255d0841146f146151bd58865",
                "sha256:d23498d62063b715078947bef48fa4d34dc354f3b268ed15dc6b46fc809a88e9",
                "sha256:dd29bb5bc9068ccc248c8c145efd839421f04363b468b47cfa2d4902ca369afe",
                "sha256:e2745dd408a26d4517702d1686afc8e1e1638d2167e857c684f912192cc00dcf",
                "sha256:e53ad0cc6c489f83e7f6bb6121aa73bb6f6488410024a3bd77c16af1aa3a1000",
                "sha256:ecb11113407d919f8714cc7d0841985044633d0b561ef3d797e1b494a3e73537",
                "sha256:ece2c2add66d3ec2720a963bf073ca11fc3b0b58159767fc3bc5ddaad791d481",
                "sha256:ef25c8675f5c8c19832f69cd97d728d99bb4ab9c3b200e28a5c8416631afaf3c",
                "sha256:f62a818d643776873713c5676f17bd95ac4176220b13dd12c14edd3a450d1ac9",
                "sha256:f7ebcb846962ee40374db2d9014a89bea9c983ae63c1877957c3a0a756974796"
            ],
            "version": "==3.6.1"
        },
        "pyparsing": {
            "hashes": [
                "sha256:0832bcf47acd283788593e7a0f542407bd9550a55a8a8435214a1960e04bcb04",
                "sha256:281683241b25fe9b80ec9d66017485f6deff1af5cde372469134b56ca8447a07",
                "sha256:8f1e18d3fd36c6795bb7e02a39fd05c611ffc2596c1e0d995d34d67630426c18",
                "sha256:9e8143a3e15c13713506886badd96ca4b579a87fbdf49e550dbfc057d6cb218e",
                "sha256:b8b3117ed9bdf45e14dcc89345ce638ec7e0e29b2b579fa1ecf32ce45ebac8a5",
                "sha256:e4d45427c6e20a59bf4f88c639dcc03ce30d193112047f94012102f235853a58",
                "sha256:fee43f17a9c4087e7ed1605bd6df994c6173c1e977d7ade7b651292fab2bd010"
            ],
            "version": "==2.2.0"
        },
        "pytest": {
            "hashes": [
                "sha256:6266f87ab64692112e5477eba395cfedda53b1933ccd29478e671e73b420c19c",
                "sha256:fae491d1874f199537fd5872b5e1f0e74a009b979df9d53d1553fd03da1703e1"
            ],
            "version": "==3.5.0"
        },
        "python-dateutil": {
            "hashes": [
                "sha256:3220490fb9741e2342e1cf29a503394fdac874bc39568288717ee67047ff29df",
                "sha256:9d8074be4c993fbe4947878ce593052f71dac82932a677d49194d8ce9778002e"
            ],
            "version": "==2.7.2"
        },
        "pytz": {
            "hashes": [
                "sha256:07edfc3d4d2705a20a6e99d97f0c4b61c800b8232dc1c04d87e8554f130148dd",
                "sha256:3a47ff71597f821cd84a162e71593004286e5be07a340fd462f0d33a760782b5",
                "sha256:410bcd1d6409026fbaa65d9ed33bf6dd8b1e94a499e32168acfc7b332e4095c0",
                "sha256:5bd55c744e6feaa4d599a6cbd8228b4f8f9ba96de2c38d56f08e534b3c9edf0d",
                "sha256:61242a9abc626379574a166dc0e96a66cd7c3b27fc10868003fa210be4bff1c9",
                "sha256:887ab5e5b32e4d0c86efddd3d055c1f363cbaa583beb8da5e22d2fa2f64d51ef",
                "sha256:ba18e6a243b3625513d85239b3e49055a2f0318466e0b8a92b8fb8ca7ccdf55f",
                "sha256:ed6509d9af298b7995d69a440e2822288f2eca1681b8cce37673dbb10091e5fe",
                "sha256:f93ddcdd6342f94cea379c73cddb5724e0d6d0a1c91c9bdef364dc0368ba4fda"
            ],
            "version": "==2018.3"
        },
        "pyyaml": {
            "hashes": [
                "sha256:0c507b7f74b3d2dd4d1322ec8a94794927305ab4cebbe89cc47fe5e81541e6e8",
                "sha256:16b20e970597e051997d90dc2cddc713a2876c47e3d92d59ee198700c5427736",
                "sha256:3262c96a1ca437e7e4763e2843746588a965426550f3797a79fca9c6199c431f",
                "sha256:326420cbb492172dec84b0f65c80942de6cedb5233c413dd824483989c000608",
                "sha256:4474f8ea030b5127225b8894d626bb66c01cda098d47a2b0d3429b6700af9fd8",
                "sha256:592766c6303207a20efc445587778322d7f73b161bd994f227adaa341ba212ab",
                "sha256:5ac82e411044fb129bae5cfbeb3ba626acb2af31a8d17d175004b70862a741a7",
                "sha256:5f84523c076ad14ff5e6c037fe1c89a7f73a3e04cf0377cb4d017014976433f3",
                "sha256:827dc04b8fa7d07c44de11fabbc888e627fa8293b695e0f99cb544fdfa1bf0d1",
                "sha256:b4c423ab23291d3945ac61346feeb9a0dc4184999ede5e7c43e1ffb975130ae6",
                "sha256:bc6bced57f826ca7cb5125a10b23fd0f2fff3b7c4701d64c439a300ce665fff8",
                "sha256:c01b880ec30b5a6e6aa67b09a2fe3fb30473008c85cd6a67359a1b15ed6d83a4",
                "sha256:ca233c64c6e40eaa6c66ef97058cdc80e8d0157a443655baa1b2966e812807ca",
                "sha256:e863072cdf4c72eebf179342c94e6989c67185842d9997960b3e69290b2fa269"
            ],
            "version": "==3.12"
        },
        "pyzmq": {
            "hashes": [
                "sha256:0145ae59139b41f65e047a3a9ed11bbc36e37d5e96c64382fcdff911c4d8c3f0",
                "sha256:18de8a02768b1c0b3495ac635b24bd902fafc08befb70a6e68c4d343ccbd6cbd",
                "sha256:2fb4d745ffe0a65ebf8fd29df093bb5c0ac96a506cb05b9a7b7c94b2524ae7f6",
                "sha256:4193cc666591495ab7fe8d24fa8374a35f9775f16dc7c46e03615559e1fc1855",
                "sha256:445fed4d71ac48da258ba38f2e29c88c5091124212a4004a0a6a42e6586a7de1",
                "sha256:538dfdd9542cf9ff37cd958da03b58d56b53b90800159ea07adc51a8ec7ffcb8",
                "sha256:613ac1fc4591b1c6a0a52ce3ed17dbffd6a17e985df504e8b4cdb987f97285b1",
                "sha256:630fb21f7474eb9e409a1ad476bf1ec489a69eb021172d422f2485cc3a44cd79",
                "sha256:6c3632d2c17cf03ce728ffaa328d45bb053623b3a0aa9747adcde81778d5a4d5",
                "sha256:767e1d0b1f7fff1950127abc08c5a5af2754987bc6480c6d641bed6971278a7a",
                "sha256:863ec1bfa52da6eaa5c4aa59143eeaeb4ef7a076862407a548ec645f25e6d6df",
                "sha256:a0ecf4c3eccd92f030a4e3e334b9da6fa3ee86be00249343c74e476d70567d0f",
                "sha256:ad5a8b19b6671b52d30ccfc3a0f4c600e49c4e2dcc88caf4106ed5958dec8d5e",
                "sha256:b31f2b50ad2920f21b904f5edf66bee324e42bb978df1407ecf381b210d4678e",
                "sha256:b328c538061757f627d32f7f8885c16f1d2f59f5374e057822f3c8e6cd94c41b",
                "sha256:b89268020a843d4c3cc04180577ec061fe96d35f267b0b672cb006e4d70560da",
                "sha256:ba0b43aebf856e5e249250d74c1232d6600b6859328920d12e2ba72a565ab1b1",
                "sha256:bdb12b485b3440b5193cd337d27cc126cdfc54ea9f38df237e1ead6216435cbe",
                "sha256:c30d27c9b35285597b8ef3019f97b9b98457b053f65dcc87a90dfdd4db09ca78",
                "sha256:d51eb3902d27d691483243707bfa67972167a70269bbbc172b74eeac4f780a1d",
                "sha256:e5578ae84bb94e97adadfcb00106a1cb161cb8017f89b01f6c3737f356257811",
                "sha256:f35b4cdeffff79357a9d929daa2a8620fb362b2cbeebdc5dd2cf9fcd27c44821",
                "sha256:fb983aec4bddee3680a0b7395f99e4595d70d81841370da736c5dc642bad4cd2"
            ],
            "version": "==17.0.0"
        },
        "qtconsole": {
            "hashes": [
                "sha256:b3d10314cbaad76c3157cf922eb410812cde472e8e7c6bd3d5a92d30145bcde1",
                "sha256:eff8c2faeda567a0bef5781f419a64e9977988db101652b312b9d74ec0a5109c"
            ],
            "version": "==4.3.1"
        },
        "ratelimiter": {
            "hashes": [
                "sha256:5c395dcabdbbde2e5178ef3f89b568a3066454a6ddc223b76473dac22f89b4f7",
                "sha256:a52be07bc0bb0b3674b4b304550f10c769bbb00fead3072e035904474259809f"
            ],
            "version": "==1.2.0.post0"
        },
        "requests": {
            "hashes": [
                "sha256:6a1b267aa90cac58ac3a765d067950e7dbbf75b1da07e895d1f594193a40a38b",
                "sha256:9c443e7324ba5b85070c4a818ade28bfabedf16ea10206da1132edaa6dda237e"
            ],
            "version": "==2.18.4"
        },
        "scikit-learn": {
            "hashes": [
                "sha256:13136c6e4f6b808569f7f59299d439b2cd718f85d72ea14b5b6077d44ebc7d17",
                "sha256:370919e3148253fd6552496c33a1e3d78290a336fc8d1b9349d9e9770fae6ec0",
                "sha256:3775cca4ce3f94508bb7c8a6b113044b78c16b0a30a5c169ddeb6b9fe57a8a72",
                "sha256:42f3c5bd893ed73bf47ccccf04dfb98fae743f397d688bb58c2238c0e6ec15d2",
                "sha256:56cfa19c31edf62e6414da0a337efee37a4af488b135640e67238786b9be6ab3",
                "sha256:5c9ff456d67ef9094e5ea272fff2be05d399a47fc30c6c8ed653b94bdf787bd1",
                "sha256:5ca0ad32ee04abe0d4ba02c8d89d501b4e5e0304bdf4d45c2e9875a735b323a0",
                "sha256:5db9e68a384ce80a17fc449d4d5d9b45025fe17cf468429599bf404eccb51049",
                "sha256:6e0899953611d0c47c0d49c5950082ab016b38811fced91cd2dcc889dd94f50a",
                "sha256:72c194c5092e921d6107a8de8a5adae58c35bbc54e030ba624b6f02fd823bb21",
                "sha256:871669cdb5b3481650fe3adff46eb97c455e30ecdc307eaf382ef90d4e2570ab",
                "sha256:873245b03361710f47c5410a050dc56ee8ae97b9f8dcc6e3a81521ca2b64ad10",
                "sha256:8b17fc29554c5c98d88142f895516a5bec2b6b61daa815e1193a64c868ad53d2",
                "sha256:95b155ef6bf829ddfba6026f100ba8e4218b7171ecab97b2163bc9e8d206848f",
                "sha256:a21cf8217e31a9e8e32c559246e05e6909981816152406945ae2e3e244dfcc1f",
                "sha256:a58746d4f389ea7df1d908dba8b52f709835f91c342f459a3ade5424330c69d1",
                "sha256:b2a10e2f9b73de10d8486f7a23549093436062b69139158802910a0f154aa53b",
                "sha256:ba3fd442ae1a46830789b3578867daaf2c8409dcca6bf192e30e85beeabbfc2f",
                "sha256:ce78bf4d10bd7e28807c36c6d2ab25a9934aaf80906ad987622a5e45627d91a2",
                "sha256:d384e6f9a055b7a43492f9d27779adb717eb5dcf78b0603b01d0f070a608d241",
                "sha256:d4da369614e55540c7e830ccdd17ab4fe5412ff8e803a4906d3ece393e2e3a63",
                "sha256:ddc1eb10138ae93c136cc4b5945d3977f302b5d693592a4731b2805a7d7f2a74",
                "sha256:e54a3dd1fe1f8124de90b93c48d120e6da2ea8df29b6895325df01ddc1bd8e26",
                "sha256:ee8c3b1898c728b6e5b5659c233f547700a1fea13ce876b6fe7d3434c70cc0e0",
                "sha256:f528c4b2bba652cf116f5cccf36f4db95a7f9cbfcd1ee549c4e8d0f8628783b5",
                "sha256:f9abae483f4d52acd6f660addb1b67e35dc5748655250af479de2ea6aefc6df0",
                "sha256:fdc39e89bd3466befb76dfc0c258d4ccad159df974954a87de3be5759172a067"
            ],
            "version": "==0.19.1"
        },
        "scipy": {
            "hashes": [
                "sha256:103fd8253fd3f0df3f50a554abc01b13bee1d70483f23bb03636a74b0a0cbc71",
                "sha256:11cddcfc348ef593feb4ffe4b69c18a064eca199602f751d34083838bdc2f05a",
                "sha256:164f774de04e546fd10e1894d423b54e36255bb42887e005f0fbfb8eef6736f1",
                "sha256:1766acf2d8ff79ed59cae841d4272587af94772f513619dd217226027bd2ab76",
                "sha256:200ca3dfebbd0bbacbc0d7389e6eda77428b49793cc1e0e3247f835687d1a6be",
                "sha256:232a848a9935c37ffe2cade857296a13680724aef7d4623160dd08f99dbb9d02",
                "sha256:3eb28bdc6f40a964761c1cb339e45fef076ea2ca729886e1bce956932ef7e487",
                "sha256:3fab61f6ffbc1da9e1f8e813ba235929b5f361c1fdd728d120ead8f78560427c",
                "sha256:4a2837b07e77f8e2fc5303f38e224d7fd9f79f8cbf9c60ac72cf98594e1db6b5",
                "sha256:4a9f5a3adbfd08dd047de48a6b436bd4dae364913aa5b6349a41e9eaeb774050",
                "sha256:544e6f7796b9c131f8f965967e806da187553abf5d7766278b96a2a76abd19a7",
                "sha256:76f32095863f7eccecaf5224624d4c7f0f3b922b2cd0d0b0d6f037e4d9c54db6",
                "sha256:800abaa55cfad422f00f5b3802403dd634ab9888f560731c09977a3c35e0acae",
                "sha256:823a4b1a2eabd09f9e72003c14ceaac63f54d1f99a49f8c1b534f6a73135e995",
                "sha256:8739c67842ed9a1c34c62d6cca6301d0ade40d50ef14ba292bd331f0d6c940ba",
                "sha256:89c1d2a80760a373e7f12f490446c60a7221b641435a789439e8ddb01f5ab7d4",
                "sha256:a3287b438b3c13970c4851a34bbc82db11e4680d1d6cdedd066479ca83028042",
                "sha256:be6f0af3f591c100923158f3e3f0f12fa16a0b231616eda407c528e1f9e10014",
                "sha256:cc04cf28b9f77255eeb612af41a6f207142f92a082555871f782c773c83b7789",
                "sha256:cc85b9d10a5da07a6b27449d17584b1a3d953f7286189f170a6045c6c297b0bc",
                "sha256:f26e54dcdeec3daff6ec71854a7b3bba719b78cf07e2d23645ee09d67a5e93df",
                "sha256:f2a51f70ef868c03430ed40d8983daa2f38d2e2160a0de4b57b7d9d070912c76",
                "sha256:f7c0624de958e2e2e6353813c78aa4f5f3f1ed0a3567fb496b6dad99f55e695e"
            ],
            "version": "==1.0.1"
        },
        "seaborn": {
            "hashes": [
                "sha256:6702978b903d0284446e935916b980dfebae4063c18ad8eb6e8f9e76d0257eae"
            ],
            "version": "==0.8.1"
        },
        "send2trash": {
            "hashes": [
                "sha256:60001cc07d707fe247c94f74ca6ac0d3255aabcb930529690897ca2a39db28b2",
                "sha256:f1691922577b6fa12821234aeb57599d887c4900b9ca537948d2dac34aea888b"
            ],
            "version": "==1.5.0"
        },
        "simplegeneric": {
            "hashes": [
                "sha256:dc972e06094b9af5b855b3df4a646395e43d1c9d0d39ed345b7393560d0b9173"
            ],
            "version": "==0.8.1"
        },
        "six": {
            "hashes": [
                "sha256:70e8a77beed4562e7f14fe23a786b54f6296e34344c23bc42f07b15018ff98e9",
                "sha256:832dc0e10feb1aa2c68dcc57dbb658f1c7e65b9b61af69048abc87a2db00a0eb"
            ],
            "version": "==1.11.0"
        },
        "snakemake": {
            "hashes": [
                "sha256:778b7edfc29fb45356e0ab1059ad3d3255baf074996a274f25a5e34f11580aee"
            ],
            "version": "==4.8.0"
        },
        "tables": {
            "hashes": [
                "sha256:01a9324e15b4ca65fe5a70d9ba9fadca27f0063f94afb37466c463c3cf10d1d9",
                "sha256:0f0973e17130fc72b3db2ed1e1c9d9be3bf516eed5e0df787bde0379d11d58a9",
                "sha256:14a11a87659e19dbed2aaca2fc3fe5003ec67cf009cd2d450edf9d7568510777",
                "sha256:1af371d02344f6704bc4d2e3229be5e41ae60f24226a212d261035b48272c936",
                "sha256:1d8f123df4bd9528b854a27803fa8a97d16e6d61fd4519c86e2559815defa4dc",
                "sha256:30e48c32a0871527811feb3fc3bc185fcde13e230ca75812d07a6d7dcaa14838",
                "sha256:44e6aafdf2cce17724d5d02692ca5bb34b8cfd2c77224d464fc45c71e5e33d60",
                "sha256:4ca056bedb1d14c68e715e683d3b5f905efbd59b638611b68a24cacfab69fca8",
                "sha256:59e8a9191788cdda321bd508dbe787b7484cf669d2d78af892f579929e467397",
                "sha256:5b4dda142f51d44e67c9183233d1d5381e32b18f87ebe50f60fa3a82b72417dd",
                "sha256:5e050dd1ac4781da43ceac55a88210489b502dae1ccad08df6ad1de778d51b8e",
                "sha256:64f2a06a6ab308c12885e1ffcdb9127e2d2a5c7b4573c0bc63b707fdfc36aaa8",
                "sha256:6671dc33324a07f4497695c7c8767544c01fd20bc275b47f9f343de4a0c26219",
                "sha256:682cae72232557be68f79449e55d893d478b93e59de97763d8e596d26276027f",
                "sha256:716c1eb08e2f999a7c262c289107c773dec8cb2b39d59cb43aa74fe75a6139d8",
                "sha256:750a80d627a2a36a5b02a3bb319bae3c8d11fb25177ea05223392c50825782e5",
                "sha256:7999f13283cea8e29a88390478ea8355b440b48ec21ca302469a88426e5bb165",
                "sha256:866f4a21a04e624f29ee9a51101f0a2d8979c3a03db520318b9eef6127f013ab",
                "sha256:88dfafaaa6e8a1f3b0b72bb0c909501cddfd66df6e7abb7c1cb73cf5bd1e305d",
                "sha256:949b841718c3efeb73ffc4931e7b0431014669a9799f958504cfc78f9251b763",
                "sha256:aad6bfaddf6345bc607e9757b5e4da843b9b71f345d7b37d582fbf766b830e69",
                "sha256:bfa3a013b60465f61c600874907cedecc3199e13e92c2cc14da87615eaf50ff3",
                "sha256:c7a3c908298178c756e704af0530e5536ea0a8097326dcb7cb40196c8f44afde",
                "sha256:d5833b63dda0f8f74f986dc09d8542749ea23228a1cc43ad781d78953e063c66",
                "sha256:e7fece81964b1b8c9a492a9b9436a68d4c38aa203dfd0206f40c90a7995f543b",
                "sha256:fdbbea4edb6bad0ac0e53fc7bc6970e78e12eef4944aa4146bcdcb573201676c"
            ],
            "version": "==3.4.2"
        },
        "tabulate": {
            "hashes": [
                "sha256:e4ca13f26d0a6be2a2915428dc21e732f1e44dad7f76d7030b2ef1ec251cf7f2"
            ],
            "version": "==0.8.2"
        },
        "terminado": {
            "hashes": [
                "sha256:55abf9ade563b8f9be1f34e4233c7b7bde726059947a593322e8a553cc4c067a",
                "sha256:65011551baff97f5414c67018e908110693143cfbaeb16831b743fe7cad8b927"
            ],
            "version": "==0.8.1"
        },
        "testpath": {
            "hashes": [
                "sha256:039fa6a6c9fd3488f8336d23aebbfead5fa602c4a47d49d83845f55a595ec1b4",
                "sha256:0d5337839c788da5900df70f8e01015aec141aa3fe7936cb0d0a2953f7ac7609"
            ],
            "version": "==0.3.1"
        },
        "theano": {
            "hashes": [
                "sha256:88d8aba1fe2b6b75eacf455d01bc7e31e838c5a0fb8c13dde2d9472495ff4662"
            ],
            "version": "==1.0.1"
        },
        "tornado": {
            "hashes": [
                "sha256:186ba4f280429a24120f329c7c08ea91818ff6bf47ed2ccb66f8f460698fc4ed",
                "sha256:3e9a2333362d3dad7876d902595b64aea1a2f91d0df13191ea1f8bca5a447771",
                "sha256:4d192236a9ffee54cb0032f22a8a0cfa64258872f1d83d71f3356681f69a37be",
                "sha256:69194436190b777abf0b631a692b0b29ba4157d18eeee07327b486e033b944dc",
                "sha256:b5bf7407f88327b80e666dabf91a1e7beb11236855a5c65ba5cf0e9e25ae296b"
            ],
            "version": "==5.0.1"
        },
        "tqdm": {
            "hashes": [
                "sha256:782aa84b61a5246c4f9e5b938875009e0b759d9a5c9d16b12e4f8deefdff7892",
                "sha256:eaf9c32a2cf7b9623eb272134b934eb354ef6304299611aa71e3cf47cf83c22b"
            ],
            "version": "==4.19.9"
        },
        "traitlets": {
            "hashes": [
                "sha256:9c4bd2d267b7153df9152698efb1050a5d84982d3384a37b2c1f7723ba3e7835",
                "sha256:c6cb5e6f57c5a9bdaa40fa71ce7b4af30298fbab9ece9815b5d995ab6217c7d9"
            ],
            "version": "==4.3.2"
        },
        "urllib3": {
            "hashes": [
                "sha256:06330f386d6e4b195fbfc736b297f58c5a892e4440e54d294d7004e3a9bbea1b",
                "sha256:cc44da8e1145637334317feebd728bd869a35285b93cbb4cca2577da7e62db4f"
            ],
            "version": "==1.22"
        },
        "vega": {
            "hashes": [
                "sha256:b531938b7623c3804fc06a008bcf7559d06e04b485067840dd7181699d126922"
            ],
            "version": "==0.4.4"
        },
        "wcwidth": {
            "hashes": [
                "sha256:3df37372226d6e63e1b1e1eda15c594bca98a22d33a23832a90998faa96bc65e",
                "sha256:f4ebe71925af7b40a864553f761ed559b43544f8f71746c2d756c7fe788ade7c"
            ],
            "version": "==0.1.7"
        },
        "webencodings": {
            "hashes": [
                "sha256:a0af1213f3c2226497a97e2b3aa01a7e4bee4f403f95be16fc9acd2947514a78",
                "sha256:b36a1c245f2d304965eb4e0a82848379241dc04b865afcc4aab16748587e1923"
            ],
            "version": "==0.5.1"
        },
        "widgetsnbextension": {
            "hashes": [
                "sha256:59a99d192667e8257c85a0de90672b999c5c60ae6c8387fb2252ab34a62df69f",
                "sha256:9b584b9210dadc98f1fae384fff5f4db047df0b94a81b2388c7b0b14a99c3f32"
            ],
            "version": "==3.2.0"
        },
        "wrapt": {
            "hashes": [
                "sha256:d4d560d479f2c21e1b5443bbd15fe7ec4b37fe7e53d335d3b9b0a7b1226fe3c6"
            ],
            "version": "==1.10.11"
        }
    },
    "develop": {}
}
