PackratFormat: 1.4
PackratVersion: 0.4.8.1
RVersion: 3.2.3
Repos: CRAN=http://cran.rstudio.com/

Package: BH
Source: CRAN
Version: 1.62.0-1
Hash: 14dfb3e8ffe20996118306ff4de1fab2

Package: DBI
Source: CRAN
Version: 0.5-1
Hash: 375869004db963f9915f2b8a49b4a718

Package: R6
Source: CRAN
Version: 2.2.0
Hash: 712773a3439bd32db5c40938e1a9aac2

Package: Rcpp
Source: CRAN
Version: 0.12.8
Hash: 436ad5c23fad4e22224c7ac2fc82b049

Package: assertthat
Source: CRAN
Version: 0.1
Hash: 0afb92b59b02593c70ff8046700ba9d3

Package: dplyr
Source: CRAN
Version: 0.5.0
Hash: 3dcd1c1192d66441a627252b535e5cc2
Requires: BH, DBI, R6, Rcpp, assertthat, lazyeval, magrittr, tibble

Package: lazyeval
Source: CRAN
Version: 0.2.0
Hash: 3d6e7608e65bbf5cb170dab1e3c9ed8b

Package: magrittr
Source: CRAN
Version: 1.5
Hash: bdc4d48c3135e8f3b399536ddf160df4

Package: packrat
Source: CRAN
Version: 0.4.8-1
Hash: 6ad605ba7b4b476d84be6632393f5765

Package: plyr
Source: CRAN
Version: 1.8.4
Hash: fee2f470d73a85f4db7e89d771427e57
Requires: Rcpp

Package: stringi
Source: CRAN
Version: 1.1.2
Hash: 1ad6b1cc11d982ac233bf2fa2f7c9684

Package: tibble
Source: CRAN
Version: 1.2
Hash: ee28ae66deec042f19aff6fa10f5f8d5
Requires: Rcpp, assertthat, lazyeval

Package: tidyr
Source: CRAN
Version: 0.6.0
Hash: 55b2d458dcd3407abb74732c82be146c
Requires: Rcpp, dplyr, lazyeval, magrittr, stringi, tibble
